
Microsoft Visual Studio Solution File, Format Version 12.00
# Visual Studio Version 17
VisualStudioVersion = 17.10.35013.160
MinimumVisualStudioVersion = 10.0.40219.1
Project("{FAE04EC0-301F-11D3-BF4B-00C04F79EFBC}") = "tienda", "tienda\tienda.csproj", "{BB16F3CF-36E2-466A-9EFB-7914E3B5A462}"
EndProject
Global
	GlobalSection(SolutionConfigurationPlatforms) = preSolution
		Debug|Any CPU = Debug|Any CPU
		Release|Any CPU = Release|Any CPU
	EndGlobalSection
	GlobalSection(ProjectConfigurationPlatforms) = postSolution
		{BB16F3CF-36E2-466A-9EFB-7914E3B5A462}.Debug|Any CPU.ActiveCfg = Debug|Any CPU
		{BB16F3CF-36E2-466A-9EFB-7914E3B5A462}.Debug|Any CPU.Build.0 = Debug|Any CPU
		{BB16F3CF-36E2-466A-9EFB-7914E3B5A462}.Release|Any CPU.ActiveCfg = Release|Any CPU
		{BB16F3CF-36E2-466A-9EFB-7914E3B5A462}.Release|Any CPU.Build.0 = Release|Any CPU
	EndGlobalSection
	GlobalSection(SolutionProperties) = preSolution
		HideSolutionNode = FALSE
	EndGlobalSection
	GlobalSection(ExtensibilityGlobals) = postSolution
		SolutionGuid = {3F4D2D01-6DB3-430C-A482-EC1CE12487B9}
	EndGlobalSection
EndGlobal
